{
  "requires": true,
  "lockfileVersion": 1,
  "dependencies": {
    "ngx-embed-video": {
      "version": "0.3.0",
      "resolved": "https://registry.npmjs.org/ngx-embed-video/-/ngx-embed-video-0.3.0.tgz",
      "integrity": "sha512-aFVnVwXK8krLY72D1XjDw0nR5lUWOrB3hifz+hrIZmiALmVFmN/g0NeajXmmGUgsS7cwEDo60cmrNXjMi1ic9A=="
    }
  }
}
